
Microsoft Visual Studio Solution File, Format Version 12.00
# Visual Studio Version 17
VisualStudioVersion = 17.8.34309.116
MinimumVisualStudioVersion = 10.0.40219.1
Project("{9A19103F-16F7-4668-BE54-9A1E7A4F7556}") = "workshop", "workshop\workshop.csproj", "{6929F330-2D5A-4984-9F68-28B812B8E306}"
EndProject
Project("{FAE04EC0-301F-11D3-BF4B-00C04F79EFBC}") = "workshop_console", "workshop_console\workshop_console.csproj", "{B71E977B-C904-4781-B1C1-F8A937C845A2}"
EndProject
Global
	GlobalSection(SolutionConfigurationPlatforms) = preSolution
		Debug|Any CPU = Debug|Any CPU
		Release|Any CPU = Release|Any CPU
	EndGlobalSection
	GlobalSection(ProjectConfigurationPlatforms) = postSolution
		{6929F330-2D5A-4984-9F68-28B812B8E306}.Debug|Any CPU.ActiveCfg = Debug|Any CPU
		{6929F330-2D5A-4984-9F68-28B812B8E306}.Debug|Any CPU.Build.0 = Debug|Any CPU
		{6929F330-2D5A-4984-9F68-28B812B8E306}.Release|Any CPU.ActiveCfg = Release|Any CPU
		{6929F330-2D5A-4984-9F68-28B812B8E306}.Release|Any CPU.Build.0 = Release|Any CPU
		{B71E977B-C904-4781-B1C1-F8A937C845A2}.Debug|Any CPU.ActiveCfg = Debug|Any CPU
		{B71E977B-C904-4781-B1C1-F8A937C845A2}.Debug|Any CPU.Build.0 = Debug|Any CPU
		{B71E977B-C904-4781-B1C1-F8A937C845A2}.Release|Any CPU.ActiveCfg = Release|Any CPU
		{B71E977B-C904-4781-B1C1-F8A937C845A2}.Release|Any CPU.Build.0 = Release|Any CPU
	EndGlobalSection
	GlobalSection(SolutionProperties) = preSolution
		HideSolutionNode = FALSE
	EndGlobalSection
	GlobalSection(ExtensibilityGlobals) = postSolution
		SolutionGuid = {B14F81EE-3272-4F1A-A5D2-08496D649EBD}
	EndGlobalSection
EndGlobal
